
Microsoft Visual Studio Solution File, Format Version 12.00
# Visual Studio Version 17
VisualStudioVersion = 17.0.31903.59
MinimumVisualStudioVersion = 10.0.40219.1
Project("{2150E333-8FDC-42A3-9474-1A3956D46DE8}") = "cmd", "cmd", "{5D58EBEB-79ED-4947-ACA2-ADA95AD762BD}"
EndProject
Project("{2150E333-8FDC-42A3-9474-1A3956D46DE8}") = "src", "src", "{7D20B3C5-DF17-4DDB-A535-613762F1BA15}"
EndProject
Project("{2150E333-8FDC-42A3-9474-1A3956D46DE8}") = "test", "test", "{18EAC725-06EF-489F-B668-3E17C607BB98}"
EndProject
Project("{6EC3EE1D-3C4E-46DD-8F32-0CC8E7565705}") = "MicroFun.Generators.Core", "src\MicroFun.Generators.Core\MicroFun.Generators.Core.fsproj", "{EEB24C6D-FF7F-4850-9F1F-3631722E2C87}"
EndProject
Project("{6EC3EE1D-3C4E-46DD-8F32-0CC8E7565705}") = "MicroFun.Generators.Core.Tests", "test\MicroFun.Generators.Core.Tests\MicroFun.Generators.Core.Tests.fsproj", "{513323CB-55D6-44A6-80FD-05BF48192771}"
EndProject
Project("{6EC3EE1D-3C4E-46DD-8F32-0CC8E7565705}") = "MicroFun.Generators.Abstractions", "src\MicroFun.Generators.Abstractions\MicroFun.Generators.Abstractions.fsproj", "{4D08CD7A-F13C-465F-A8FE-5AA247E90F7F}"
EndProject
Project("{6EC3EE1D-3C4E-46DD-8F32-0CC8E7565705}") = "MicroFun.Generators.Abstractions.Tests", "test\MicroFun.Generators.Abstractions.Tests\MicroFun.Generators.Abstractions.Tests.fsproj", "{30C084CF-D77A-48E6-B69B-4D1B42188333}"
EndProject
Project("{6EC3EE1D-3C4E-46DD-8F32-0CC8E7565705}") = "MicroFun.Generators.Scriban", "src\MicroFun.Generators.Scriban\MicroFun.Generators.Scriban.fsproj", "{08A852B0-D68D-41CD-B148-E7DB46E6ECC4}"
EndProject
Project("{6EC3EE1D-3C4E-46DD-8F32-0CC8E7565705}") = "mfg", "cmd\mfg\mfg.fsproj", "{E64033A7-C068-47B3-AE35-09F7ADE9541E}"
EndProject
Project("{6EC3EE1D-3C4E-46DD-8F32-0CC8E7565705}") = "MicroFun.Generators.Commands", "cmd\MicroFun.Generators.Commands\MicroFun.Generators.Commands.fsproj", "{17D2E4BC-E2B1-4DD6-9609-BF4E43CAC853}"
EndProject
Project("{6EC3EE1D-3C4E-46DD-8F32-0CC8E7565705}") = "MicroFun.Generators.Scriban.Tests", "test\MicroFun.Generators.Scriban.Tests\MicroFun.Generators.Scriban.Tests.fsproj", "{8BF667EB-E5E8-4D4B-A907-4782F53E97B5}"
EndProject
Project("{F2A71F9B-5D33-465A-A702-920D77279786}") = "MicroFun.Generators.Json", "src\MicroFun.Generators.Json\MicroFun.Generators.Json.fsproj", "{4256BA4A-AC40-44EA-B871-56F2C4E0F686}"
EndProject
Global
	GlobalSection(SolutionConfigurationPlatforms) = preSolution
		Debug|Any CPU = Debug|Any CPU
		Debug|x64 = Debug|x64
		Debug|x86 = Debug|x86
		Release|Any CPU = Release|Any CPU
		Release|x64 = Release|x64
		Release|x86 = Release|x86
	EndGlobalSection
	GlobalSection(ProjectConfigurationPlatforms) = postSolution
		{EEB24C6D-FF7F-4850-9F1F-3631722E2C87}.Debug|Any CPU.ActiveCfg = Debug|Any CPU
		{EEB24C6D-FF7F-4850-9F1F-3631722E2C87}.Debug|Any CPU.Build.0 = Debug|Any CPU
		{EEB24C6D-FF7F-4850-9F1F-3631722E2C87}.Debug|x64.ActiveCfg = Debug|Any CPU
		{EEB24C6D-FF7F-4850-9F1F-3631722E2C87}.Debug|x64.Build.0 = Debug|Any CPU
		{EEB24C6D-FF7F-4850-9F1F-3631722E2C87}.Debug|x86.ActiveCfg = Debug|Any CPU
		{EEB24C6D-FF7F-4850-9F1F-3631722E2C87}.Debug|x86.Build.0 = Debug|Any CPU
		{EEB24C6D-FF7F-4850-9F1F-3631722E2C87}.Release|Any CPU.ActiveCfg = Release|Any CPU
		{EEB24C6D-FF7F-4850-9F1F-3631722E2C87}.Release|Any CPU.Build.0 = Release|Any CPU
		{EEB24C6D-FF7F-4850-9F1F-3631722E2C87}.Release|x64.ActiveCfg = Release|Any CPU
		{EEB24C6D-FF7F-4850-9F1F-3631722E2C87}.Release|x64.Build.0 = Release|Any CPU
		{EEB24C6D-FF7F-4850-9F1F-3631722E2C87}.Release|x86.ActiveCfg = Release|Any CPU
		{EEB24C6D-FF7F-4850-9F1F-3631722E2C87}.Release|x86.Build.0 = Release|Any CPU
		{513323CB-55D6-44A6-80FD-05BF48192771}.Debug|Any CPU.ActiveCfg = Debug|Any CPU
		{513323CB-55D6-44A6-80FD-05BF48192771}.Debug|Any CPU.Build.0 = Debug|Any CPU
		{513323CB-55D6-44A6-80FD-05BF48192771}.Debug|x64.ActiveCfg = Debug|Any CPU
		{513323CB-55D6-44A6-80FD-05BF48192771}.Debug|x64.Build.0 = Debug|Any CPU
		{513323CB-55D6-44A6-80FD-05BF48192771}.Debug|x86.ActiveCfg = Debug|Any CPU
		{513323CB-55D6-44A6-80FD-05BF48192771}.Debug|x86.Build.0 = Debug|Any CPU
		{513323CB-55D6-44A6-80FD-05BF48192771}.Release|Any CPU.ActiveCfg = Release|Any CPU
		{513323CB-55D6-44A6-80FD-05BF48192771}.Release|Any CPU.Build.0 = Release|Any CPU
		{513323CB-55D6-44A6-80FD-05BF48192771}.Release|x64.ActiveCfg = Release|Any CPU
		{513323CB-55D6-44A6-80FD-05BF48192771}.Release|x64.Build.0 = Release|Any CPU
		{513323CB-55D6-44A6-80FD-05BF48192771}.Release|x86.ActiveCfg = Release|Any CPU
		{513323CB-55D6-44A6-80FD-05BF48192771}.Release|x86.Build.0 = Release|Any CPU
		{4D08CD7A-F13C-465F-A8FE-5AA247E90F7F}.Debug|Any CPU.ActiveCfg = Debug|Any CPU
		{4D08CD7A-F13C-465F-A8FE-5AA247E90F7F}.Debug|Any CPU.Build.0 = Debug|Any CPU
		{4D08CD7A-F13C-465F-A8FE-5AA247E90F7F}.Debug|x64.ActiveCfg = Debug|Any CPU
		{4D08CD7A-F13C-465F-A8FE-5AA247E90F7F}.Debug|x64.Build.0 = Debug|Any CPU
		{4D08CD7A-F13C-465F-A8FE-5AA247E90F7F}.Debug|x86.ActiveCfg = Debug|Any CPU
		{4D08CD7A-F13C-465F-A8FE-5AA247E90F7F}.Debug|x86.Build.0 = Debug|Any CPU
		{4D08CD7A-F13C-465F-A8FE-5AA247E90F7F}.Release|Any CPU.ActiveCfg = Release|Any CPU
		{4D08CD7A-F13C-465F-A8FE-5AA247E90F7F}.Release|Any CPU.Build.0 = Release|Any CPU
		{4D08CD7A-F13C-465F-A8FE-5AA247E90F7F}.Release|x64.ActiveCfg = Release|Any CPU
		{4D08CD7A-F13C-465F-A8FE-5AA247E90F7F}.Release|x64.Build.0 = Release|Any CPU
		{4D08CD7A-F13C-465F-A8FE-5AA247E90F7F}.Release|x86.ActiveCfg = Release|Any CPU
		{4D08CD7A-F13C-465F-A8FE-5AA247E90F7F}.Release|x86.Build.0 = Release|Any CPU
		{30C084CF-D77A-48E6-B69B-4D1B42188333}.Debug|Any CPU.ActiveCfg = Debug|Any CPU
		{30C084CF-D77A-48E6-B69B-4D1B42188333}.Debug|Any CPU.Build.0 = Debug|Any CPU
		{30C084CF-D77A-48E6-B69B-4D1B42188333}.Debug|x64.ActiveCfg = Debug|Any CPU
		{30C084CF-D77A-48E6-B69B-4D1B42188333}.Debug|x64.Build.0 = Debug|Any CPU
		{30C084CF-D77A-48E6-B69B-4D1B42188333}.Debug|x86.ActiveCfg = Debug|Any CPU
		{30C084CF-D77A-48E6-B69B-4D1B42188333}.Debug|x86.Build.0 = Debug|Any CPU
		{30C084CF-D77A-48E6-B69B-4D1B42188333}.Release|Any CPU.ActiveCfg = Release|Any CPU
		{30C084CF-D77A-48E6-B69B-4D1B42188333}.Release|Any CPU.Build.0 = Release|Any CPU
		{30C084CF-D77A-48E6-B69B-4D1B42188333}.Release|x64.ActiveCfg = Release|Any CPU
		{30C084CF-D77A-48E6-B69B-4D1B42188333}.Release|x64.Build.0 = Release|Any CPU
		{30C084CF-D77A-48E6-B69B-4D1B42188333}.Release|x86.ActiveCfg = Release|Any CPU
		{30C084CF-D77A-48E6-B69B-4D1B42188333}.Release|x86.Build.0 = Release|Any CPU
		{08A852B0-D68D-41CD-B148-E7DB46E6ECC4}.Debug|Any CPU.ActiveCfg = Debug|Any CPU
		{08A852B0-D68D-41CD-B148-E7DB46E6ECC4}.Debug|Any CPU.Build.0 = Debug|Any CPU
		{08A852B0-D68D-41CD-B148-E7DB46E6ECC4}.Debug|x64.ActiveCfg = Debug|Any CPU
		{08A852B0-D68D-41CD-B148-E7DB46E6ECC4}.Debug|x64.Build.0 = Debug|Any CPU
		{08A852B0-D68D-41CD-B148-E7DB46E6ECC4}.Debug|x86.ActiveCfg = Debug|Any CPU
		{08A852B0-D68D-41CD-B148-E7DB46E6ECC4}.Debug|x86.Build.0 = Debug|Any CPU
		{08A852B0-D68D-41CD-B148-E7DB46E6ECC4}.Release|Any CPU.ActiveCfg = Release|Any CPU
		{08A852B0-D68D-41CD-B148-E7DB46E6ECC4}.Release|Any CPU.Build.0 = Release|Any CPU
		{08A852B0-D68D-41CD-B148-E7DB46E6ECC4}.Release|x64.ActiveCfg = Release|Any CPU
		{08A852B0-D68D-41CD-B148-E7DB46E6ECC4}.Release|x64.Build.0 = Release|Any CPU
		{08A852B0-D68D-41CD-B148-E7DB46E6ECC4}.Release|x86.ActiveCfg = Release|Any CPU
		{08A852B0-D68D-41CD-B148-E7DB46E6ECC4}.Release|x86.Build.0 = Release|Any CPU
		{E64033A7-C068-47B3-AE35-09F7ADE9541E}.Debug|Any CPU.ActiveCfg = Debug|Any CPU
		{E64033A7-C068-47B3-AE35-09F7ADE9541E}.Debug|Any CPU.Build.0 = Debug|Any CPU
		{E64033A7-C068-47B3-AE35-09F7ADE9541E}.Debug|x64.ActiveCfg = Debug|Any CPU
		{E64033A7-C068-47B3-AE35-09F7ADE9541E}.Debug|x64.Build.0 = Debug|Any CPU
		{E64033A7-C068-47B3-AE35-09F7ADE9541E}.Debug|x86.ActiveCfg = Debug|Any CPU
		{E64033A7-C068-47B3-AE35-09F7ADE9541E}.Debug|x86.Build.0 = Debug|Any CPU
		{E64033A7-C068-47B3-AE35-09F7ADE9541E}.Release|Any CPU.ActiveCfg = Release|Any CPU
		{E64033A7-C068-47B3-AE35-09F7ADE9541E}.Release|Any CPU.Build.0 = Release|Any CPU
		{E64033A7-C068-47B3-AE35-09F7ADE9541E}.Release|x64.ActiveCfg = Release|Any CPU
		{E64033A7-C068-47B3-AE35-09F7ADE9541E}.Release|x64.Build.0 = Release|Any CPU
		{E64033A7-C068-47B3-AE35-09F7ADE9541E}.Release|x86.ActiveCfg = Release|Any CPU
		{E64033A7-C068-47B3-AE35-09F7ADE9541E}.Release|x86.Build.0 = Release|Any CPU
		{17D2E4BC-E2B1-4DD6-9609-BF4E43CAC853}.Debug|Any CPU.ActiveCfg = Debug|Any CPU
		{17D2E4BC-E2B1-4DD6-9609-BF4E43CAC853}.Debug|Any CPU.Build.0 = Debug|Any CPU
		{17D2E4BC-E2B1-4DD6-9609-BF4E43CAC853}.Debug|x64.ActiveCfg = Debug|Any CPU
		{17D2E4BC-E2B1-4DD6-9609-BF4E43CAC853}.Debug|x64.Build.0 = Debug|Any CPU
		{17D2E4BC-E2B1-4DD6-9609-BF4E43CAC853}.Debug|x86.ActiveCfg = Debug|Any CPU
		{17D2E4BC-E2B1-4DD6-9609-BF4E43CAC853}.Debug|x86.Build.0 = Debug|Any CPU
		{17D2E4BC-E2B1-4DD6-9609-BF4E43CAC853}.Release|Any CPU.ActiveCfg = Release|Any CPU
		{17D2E4BC-E2B1-4DD6-9609-BF4E43CAC853}.Release|Any CPU.Build.0 = Release|Any CPU
		{17D2E4BC-E2B1-4DD6-9609-BF4E43CAC853}.Release|x64.ActiveCfg = Release|Any CPU
		{17D2E4BC-E2B1-4DD6-9609-BF4E43CAC853}.Release|x64.Build.0 = Release|Any CPU
		{17D2E4BC-E2B1-4DD6-9609-BF4E43CAC853}.Release|x86.ActiveCfg = Release|Any CPU
		{17D2E4BC-E2B1-4DD6-9609-BF4E43CAC853}.Release|x86.Build.0 = Release|Any CPU
		{8BF667EB-E5E8-4D4B-A907-4782F53E97B5}.Debug|Any CPU.ActiveCfg = Debug|Any CPU
		{8BF667EB-E5E8-4D4B-A907-4782F53E97B5}.Debug|Any CPU.Build.0 = Debug|Any CPU
		{8BF667EB-E5E8-4D4B-A907-4782F53E97B5}.Debug|x64.ActiveCfg = Debug|Any CPU
		{8BF667EB-E5E8-4D4B-A907-4782F53E97B5}.Debug|x64.Build.0 = Debug|Any CPU
		{8BF667EB-E5E8-4D4B-A907-4782F53E97B5}.Debug|x86.ActiveCfg = Debug|Any CPU
		{8BF667EB-E5E8-4D4B-A907-4782F53E97B5}.Debug|x86.Build.0 = Debug|Any CPU
		{8BF667EB-E5E8-4D4B-A907-4782F53E97B5}.Release|Any CPU.ActiveCfg = Release|Any CPU
		{8BF667EB-E5E8-4D4B-A907-4782F53E97B5}.Release|Any CPU.Build.0 = Release|Any CPU
		{8BF667EB-E5E8-4D4B-A907-4782F53E97B5}.Release|x64.ActiveCfg = Release|Any CPU
		{8BF667EB-E5E8-4D4B-A907-4782F53E97B5}.Release|x64.Build.0 = Release|Any CPU
		{8BF667EB-E5E8-4D4B-A907-4782F53E97B5}.Release|x86.ActiveCfg = Release|Any CPU
		{8BF667EB-E5E8-4D4B-A907-4782F53E97B5}.Release|x86.Build.0 = Release|Any CPU
		{4256BA4A-AC40-44EA-B871-56F2C4E0F686}.Debug|Any CPU.ActiveCfg = Debug|Any CPU
		{4256BA4A-AC40-44EA-B871-56F2C4E0F686}.Debug|Any CPU.Build.0 = Debug|Any CPU
		{4256BA4A-AC40-44EA-B871-56F2C4E0F686}.Debug|x64.ActiveCfg = Debug|Any CPU
		{4256BA4A-AC40-44EA-B871-56F2C4E0F686}.Debug|x64.Build.0 = Debug|Any CPU
		{4256BA4A-AC40-44EA-B871-56F2C4E0F686}.Debug|x86.ActiveCfg = Debug|Any CPU
		{4256BA4A-AC40-44EA-B871-56F2C4E0F686}.Debug|x86.Build.0 = Debug|Any CPU
		{4256BA4A-AC40-44EA-B871-56F2C4E0F686}.Release|Any CPU.ActiveCfg = Release|Any CPU
		{4256BA4A-AC40-44EA-B871-56F2C4E0F686}.Release|Any CPU.Build.0 = Release|Any CPU
		{4256BA4A-AC40-44EA-B871-56F2C4E0F686}.Release|x64.ActiveCfg = Release|Any CPU
		{4256BA4A-AC40-44EA-B871-56F2C4E0F686}.Release|x64.Build.0 = Release|Any CPU
		{4256BA4A-AC40-44EA-B871-56F2C4E0F686}.Release|x86.ActiveCfg = Release|Any CPU
		{4256BA4A-AC40-44EA-B871-56F2C4E0F686}.Release|x86.Build.0 = Release|Any CPU
	EndGlobalSection
	GlobalSection(SolutionProperties) = preSolution
		HideSolutionNode = FALSE
	EndGlobalSection
	GlobalSection(NestedProjects) = preSolution
		{EEB24C6D-FF7F-4850-9F1F-3631722E2C87} = {7D20B3C5-DF17-4DDB-A535-613762F1BA15}
		{513323CB-55D6-44A6-80FD-05BF48192771} = {18EAC725-06EF-489F-B668-3E17C607BB98}
		{4D08CD7A-F13C-465F-A8FE-5AA247E90F7F} = {7D20B3C5-DF17-4DDB-A535-613762F1BA15}
		{30C084CF-D77A-48E6-B69B-4D1B42188333} = {18EAC725-06EF-489F-B668-3E17C607BB98}
		{08A852B0-D68D-41CD-B148-E7DB46E6ECC4} = {7D20B3C5-DF17-4DDB-A535-613762F1BA15}
		{E64033A7-C068-47B3-AE35-09F7ADE9541E} = {5D58EBEB-79ED-4947-ACA2-ADA95AD762BD}
		{17D2E4BC-E2B1-4DD6-9609-BF4E43CAC853} = {7D20B3C5-DF17-4DDB-A535-613762F1BA15}
		{8BF667EB-E5E8-4D4B-A907-4782F53E97B5} = {18EAC725-06EF-489F-B668-3E17C607BB98}
		{4256BA4A-AC40-44EA-B871-56F2C4E0F686} = {7D20B3C5-DF17-4DDB-A535-613762F1BA15}
	EndGlobalSection
	GlobalSection(ExtensibilityGlobals) = postSolution
		SolutionGuid = {417F6178-BFB7-42D3-A6EA-5C90C22F3F61}
	EndGlobalSection
EndGlobal
