
Microsoft Visual Studio Solution File, Format Version 12.00
# Visual Studio Version 17
VisualStudioVersion = 17.0.31903.59
MinimumVisualStudioVersion = 10.0.40219.1
Project("{2150E333-8FDC-42A3-9474-1A3956D46DE8}") = "cmd", "cmd", "{5D58EBEB-79ED-4947-ACA2-ADA95AD762BD}"
EndProject
Project("{2150E333-8FDC-42A3-9474-1A3956D46DE8}") = "src", "src", "{7D20B3C5-DF17-4DDB-A535-613762F1BA15}"
EndProject
Project("{2150E333-8FDC-42A3-9474-1A3956D46DE8}") = "test", "test", "{18EAC725-06EF-489F-B668-3E17C607BB98}"
EndProject
Project("{6EC3EE1D-3C4E-46DD-8F32-0CC8E7565705}") = "MicroFun.Generators.Core", "src\MicroFun.Generators.Core\MicroFun.Generators.Core.fsproj", "{EEB24C6D-FF7F-4850-9F1F-3631722E2C87}"
EndProject
Project("{6EC3EE1D-3C4E-46DD-8F32-0CC8E7565705}") = "MicroFun.Generators.Core.Tests", "test\MicroFun.Generators.Core.Tests\MicroFun.Generators.Core.Tests.fsproj", "{513323CB-55D6-44A6-80FD-05BF48192771}"
EndProject
Project("{F2A71F9B-5D33-465A-A702-920D77279786}") = "MicroFun.Generators.Abstractions", "src\MicroFun.Generators.Abstractions\MicroFun.Generators.Abstractions.fsproj", "{4D08CD7A-F13C-465F-A8FE-5AA247E90F7F}"
EndProject
Global
	GlobalSection(SolutionConfigurationPlatforms) = preSolution
		Debug|Any CPU = Debug|Any CPU
		Debug|x64 = Debug|x64
		Debug|x86 = Debug|x86
		Release|Any CPU = Release|Any CPU
		Release|x64 = Release|x64
		Release|x86 = Release|x86
	EndGlobalSection
	GlobalSection(ProjectConfigurationPlatforms) = postSolution
		{EEB24C6D-FF7F-4850-9F1F-3631722E2C87}.Debug|Any CPU.ActiveCfg = Debug|Any CPU
		{EEB24C6D-FF7F-4850-9F1F-3631722E2C87}.Debug|Any CPU.Build.0 = Debug|Any CPU
		{EEB24C6D-FF7F-4850-9F1F-3631722E2C87}.Debug|x64.ActiveCfg = Debug|Any CPU
		{EEB24C6D-FF7F-4850-9F1F-3631722E2C87}.Debug|x64.Build.0 = Debug|Any CPU
		{EEB24C6D-FF7F-4850-9F1F-3631722E2C87}.Debug|x86.ActiveCfg = Debug|Any CPU
		{EEB24C6D-FF7F-4850-9F1F-3631722E2C87}.Debug|x86.Build.0 = Debug|Any CPU
		{EEB24C6D-FF7F-4850-9F1F-3631722E2C87}.Release|Any CPU.ActiveCfg = Release|Any CPU
		{EEB24C6D-FF7F-4850-9F1F-3631722E2C87}.Release|Any CPU.Build.0 = Release|Any CPU
		{EEB24C6D-FF7F-4850-9F1F-3631722E2C87}.Release|x64.ActiveCfg = Release|Any CPU
		{EEB24C6D-FF7F-4850-9F1F-3631722E2C87}.Release|x64.Build.0 = Release|Any CPU
		{EEB24C6D-FF7F-4850-9F1F-3631722E2C87}.Release|x86.ActiveCfg = Release|Any CPU
		{EEB24C6D-FF7F-4850-9F1F-3631722E2C87}.Release|x86.Build.0 = Release|Any CPU
		{513323CB-55D6-44A6-80FD-05BF48192771}.Debug|Any CPU.ActiveCfg = Debug|Any CPU
		{513323CB-55D6-44A6-80FD-05BF48192771}.Debug|Any CPU.Build.0 = Debug|Any CPU
		{513323CB-55D6-44A6-80FD-05BF48192771}.Debug|x64.ActiveCfg = Debug|Any CPU
		{513323CB-55D6-44A6-80FD-05BF48192771}.Debug|x64.Build.0 = Debug|Any CPU
		{513323CB-55D6-44A6-80FD-05BF48192771}.Debug|x86.ActiveCfg = Debug|Any CPU
		{513323CB-55D6-44A6-80FD-05BF48192771}.Debug|x86.Build.0 = Debug|Any CPU
		{513323CB-55D6-44A6-80FD-05BF48192771}.Release|Any CPU.ActiveCfg = Release|Any CPU
		{513323CB-55D6-44A6-80FD-05BF48192771}.Release|Any CPU.Build.0 = Release|Any CPU
		{513323CB-55D6-44A6-80FD-05BF48192771}.Release|x64.ActiveCfg = Release|Any CPU
		{513323CB-55D6-44A6-80FD-05BF48192771}.Release|x64.Build.0 = Release|Any CPU
		{513323CB-55D6-44A6-80FD-05BF48192771}.Release|x86.ActiveCfg = Release|Any CPU
		{513323CB-55D6-44A6-80FD-05BF48192771}.Release|x86.Build.0 = Release|Any CPU
		{4D08CD7A-F13C-465F-A8FE-5AA247E90F7F}.Debug|Any CPU.ActiveCfg = Debug|Any CPU
		{4D08CD7A-F13C-465F-A8FE-5AA247E90F7F}.Debug|Any CPU.Build.0 = Debug|Any CPU
		{4D08CD7A-F13C-465F-A8FE-5AA247E90F7F}.Debug|x64.ActiveCfg = Debug|Any CPU
		{4D08CD7A-F13C-465F-A8FE-5AA247E90F7F}.Debug|x64.Build.0 = Debug|Any CPU
		{4D08CD7A-F13C-465F-A8FE-5AA247E90F7F}.Debug|x86.ActiveCfg = Debug|Any CPU
		{4D08CD7A-F13C-465F-A8FE-5AA247E90F7F}.Debug|x86.Build.0 = Debug|Any CPU
		{4D08CD7A-F13C-465F-A8FE-5AA247E90F7F}.Release|Any CPU.ActiveCfg = Release|Any CPU
		{4D08CD7A-F13C-465F-A8FE-5AA247E90F7F}.Release|Any CPU.Build.0 = Release|Any CPU
		{4D08CD7A-F13C-465F-A8FE-5AA247E90F7F}.Release|x64.ActiveCfg = Release|Any CPU
		{4D08CD7A-F13C-465F-A8FE-5AA247E90F7F}.Release|x64.Build.0 = Release|Any CPU
		{4D08CD7A-F13C-465F-A8FE-5AA247E90F7F}.Release|x86.ActiveCfg = Release|Any CPU
		{4D08CD7A-F13C-465F-A8FE-5AA247E90F7F}.Release|x86.Build.0 = Release|Any CPU
	EndGlobalSection
	GlobalSection(SolutionProperties) = preSolution
		HideSolutionNode = FALSE
	EndGlobalSection
	GlobalSection(NestedProjects) = preSolution
		{EEB24C6D-FF7F-4850-9F1F-3631722E2C87} = {7D20B3C5-DF17-4DDB-A535-613762F1BA15}
		{513323CB-55D6-44A6-80FD-05BF48192771} = {18EAC725-06EF-489F-B668-3E17C607BB98}
		{4D08CD7A-F13C-465F-A8FE-5AA247E90F7F} = {7D20B3C5-DF17-4DDB-A535-613762F1BA15}
	EndGlobalSection
	GlobalSection(ExtensibilityGlobals) = postSolution
		SolutionGuid = {417F6178-BFB7-42D3-A6EA-5C90C22F3F61}
	EndGlobalSection
EndGlobal
